{
  "nodes": {
    "flake-utils": {
      "locked": {
        "lastModified": 1659877975,
        "narHash": "sha256-zllb8aq3YO3h8B/U0/J1WBgAL8EX5yWf5pMj3G0NAmc=",
        "owner": "numtide",
        "repo": "flake-utils",
        "rev": "c0e246b9b83f637f4681389ecabcb2681b4f3af0",
        "type": "github"
      },
      "original": {
        "owner": "numtide",
        "repo": "flake-utils",
        "type": "github"
      }
    },
    "flake-utils_2": {
      "locked": {
        "lastModified": 1656928814,
        "narHash": "sha256-RIFfgBuKz6Hp89yRr7+NR5tzIAbn52h8vT6vXkYjZoM=",
        "owner": "numtide",
        "repo": "flake-utils",
        "rev": "7e2a3b3dfd9af950a856d66b0a7d01e3c18aa249",
        "type": "github"
      },
      "original": {
        "owner": "numtide",
        "repo": "flake-utils",
        "type": "github"
      }
    },
    "flake-utils_3": {
      "locked": {
        "lastModified": 1656928814,
        "narHash": "sha256-RIFfgBuKz6Hp89yRr7+NR5tzIAbn52h8vT6vXkYjZoM=",
        "owner": "numtide",
        "repo": "flake-utils",
        "rev": "7e2a3b3dfd9af950a856d66b0a7d01e3c18aa249",
        "type": "github"
      },
      "original": {
        "owner": "numtide",
        "repo": "flake-utils",
        "type": "github"
      }
    },
    "gitignore": {
      "inputs": {
        "nixpkgs": [
          "go",
          "nixpkgs"
        ]
      },
      "locked": {
        "lastModified": 1660459072,
        "narHash": "sha256-8DFJjXG8zqoONA1vXtgeKXy68KdJL5UaXR8NtVMUbx8=",
        "owner": "hercules-ci",
        "repo": "gitignore.nix",
        "rev": "a20de23b925fd8264fd7fad6454652e142fd7f73",
        "type": "github"
      },
      "original": {
        "owner": "hercules-ci",
        "repo": "gitignore.nix",
        "type": "github"
      }
    },
    "go": {
      "inputs": {
        "flake-utils": "flake-utils",
        "gitignore": "gitignore",
        "nixpkgs": "nixpkgs"
      },
      "locked": {
        "lastModified": 1,
        "narHash": "sha256-IMopK0mA67Vtz3gNxhgwKbfXjw7rBzjSObmilwG6wIQ=",
        "path": "./go",
        "type": "path"
      },
      "original": {
        "path": "./go",
        "type": "path"
      }
    },
    "hello": {
      "inputs": {
        "flake-utils": "flake-utils_2",
        "nixpkgs": "nixpkgs_2"
      },
      "locked": {
        "lastModified": 1,
        "narHash": "sha256-H8wB8A1vHkZPqLJp8mb5p+lfmxxdnPKWZRdq6qAxQlk=",
        "path": "./hello",
        "type": "path"
      },
      "original": {
        "path": "./hello",
        "type": "path"
      }
    },
    "nixpkgs": {
      "locked": {
        "lastModified": 1661421329,
        "narHash": "sha256-5d/P/ydnirGBwu4ieyi4vIX42DYnlafgldtVoUBH8dc=",
        "owner": "NixOS",
        "repo": "nixpkgs",
        "rev": "4a179eac2c643cbab049937c5dd1d3b5bd769bb4",
        "type": "github"
      },
      "original": {
        "owner": "NixOS",
        "repo": "nixpkgs",
        "type": "github"
      }
    },
    "nixpkgs_2": {
      "locked": {
        "lastModified": 1657924121,
        "narHash": "sha256-eh9gBdv4svoOKkJoeGUxg3G/7RBtxVof81RY8JMHVm0=",
        "owner": "NixOS",
        "repo": "nixpkgs",
        "rev": "ed0e38f28d60055832397382c4ca471d2bc1b173",
        "type": "github"
      },
      "original": {
        "owner": "NixOS",
        "repo": "nixpkgs",
        "type": "github"
      }
    },
    "nixpkgs_3": {
      "locked": {
        "lastModified": 1657924121,
        "narHash": "sha256-eh9gBdv4svoOKkJoeGUxg3G/7RBtxVof81RY8JMHVm0=",
        "owner": "NixOS",
        "repo": "nixpkgs",
        "rev": "ed0e38f28d60055832397382c4ca471d2bc1b173",
        "type": "github"
      },
      "original": {
        "owner": "NixOS",
        "repo": "nixpkgs",
        "type": "github"
      }
    },
    "root": {
      "inputs": {
        "go": "go",
        "hello": "hello",
        "script": "script"
      }
    },
    "script": {
      "inputs": {
        "flake-utils": "flake-utils_3",
        "nixpkgs": "nixpkgs_3"
      },
      "locked": {
        "lastModified": 1,
        "narHash": "sha256-kOE5UUDQgQS6qp9x3iIVOi9VeHuBWtXMRTla33Xly8M=",
        "path": "./script",
        "type": "path"
      },
      "original": {
        "path": "./script",
        "type": "path"
      }
    }
  },
  "root": "root",
  "version": 7
}
